// !$*UTF8*$!
{
	archiveVersion = 1;
	classes = {
	};
	objectVersion = 50;
	objects = {

/* Begin PBXBuildFile section */
		35F2F3D2250BD6A100B355B0 /* AppDelegate.swift in Sources */ = {isa = PBXBuildFile; fileRef = 35F2F3D1250BD6A100B355B0 /* AppDelegate.swift */; };
		35F2F3D6250BD6A400B355B0 /* Assets.xcassets in Resources */ = {isa = PBXBuildFile; fileRef = 35F2F3D5250BD6A400B355B0 /* Assets.xcassets */; };
		35F2F3D9250BD6A400B355B0 /* Preview Assets.xcassets in Resources */ = {isa = PBXBuildFile; fileRef = 35F2F3D8250BD6A400B355B0 /* Preview Assets.xcassets */; };
		35F2F3DC250BD6A400B355B0 /* Main.storyboard in Resources */ = {isa = PBXBuildFile; fileRef = 35F2F3DA250BD6A400B355B0 /* Main.storyboard */; };
		35F2F3E5250BD6D800B355B0 /* ModelAssets.scnassets in Resources */ = {isa = PBXBuildFile; fileRef = 35F2F3E4250BD6D800B355B0 /* ModelAssets.scnassets */; };
		35F2F3E7250BD6DD00B355B0 /* Textures.xcassets in Resources */ = {isa = PBXBuildFile; fileRef = 35F2F3E6250BD6DD00B355B0 /* Textures.xcassets */; };
		35F2F3EC250BD6F400B355B0 /* ContentView.swift in Sources */ = {isa = PBXBuildFile; fileRef = 35F2F3E9250BD6F400B355B0 /* ContentView.swift */; };
		35F2F3F4250BD71400B355B0 /* Keycodes.swift in Sources */ = {isa = PBXBuildFile; fileRef = 35F2F3EF250BD71400B355B0 /* Keycodes.swift */; };
		35F2F3F5250BD71400B355B0 /* MathLibrary.swift in Sources */ = {isa = PBXBuildFile; fileRef = 35F2F3F0250BD71400B355B0 /* MathLibrary.swift */; };
		35F2F3F6250BD71400B355B0 /* StandardExtensions.swift in Sources */ = {isa = PBXBuildFile; fileRef = 35F2F3F1250BD71400B355B0 /* StandardExtensions.swift */; };
		35F2F3F7250BD71400B355B0 /* MetalExtensions.swift in Sources */ = {isa = PBXBuildFile; fileRef = 35F2F3F2250BD71400B355B0 /* MetalExtensions.swift */; };
		35F2F3F8250BD71400B355B0 /* NodeTreeElement.swift in Sources */ = {isa = PBXBuildFile; fileRef = 35F2F3F3250BD71400B355B0 /* NodeTreeElement.swift */; };
		35F2F3FE250BD74800B355B0 /* Renderer.swift in Sources */ = {isa = PBXBuildFile; fileRef = 35F2F3FC250BD74800B355B0 /* Renderer.swift */; };
		35F2F408250BD76500B355B0 /* Transform.swift in Sources */ = {isa = PBXBuildFile; fileRef = 35F2F400250BD76400B355B0 /* Transform.swift */; };
		35F2F409250BD76500B355B0 /* MeshShaders.metal in Sources */ = {isa = PBXBuildFile; fileRef = 35F2F401250BD76400B355B0 /* MeshShaders.metal */; };
		35F2F40A250BD76500B355B0 /* Scene.swift in Sources */ = {isa = PBXBuildFile; fileRef = 35F2F402250BD76400B355B0 /* Scene.swift */; };
		35F2F40B250BD76500B355B0 /* Camera.swift in Sources */ = {isa = PBXBuildFile; fileRef = 35F2F403250BD76500B355B0 /* Camera.swift */; };
		35F2F40C250BD76500B355B0 /* Mesh.swift in Sources */ = {isa = PBXBuildFile; fileRef = 35F2F404250BD76500B355B0 /* Mesh.swift */; };
		35F2F40D250BD76500B355B0 /* Node.swift in Sources */ = {isa = PBXBuildFile; fileRef = 35F2F405250BD76500B355B0 /* Node.swift */; };
		35F2F40E250BD76500B355B0 /* Common+swift.swift in Sources */ = {isa = PBXBuildFile; fileRef = 35F2F406250BD76500B355B0 /* Common+swift.swift */; };
		35F2F40F250BD76500B355B0 /* RenderingProtocols.swift in Sources */ = {isa = PBXBuildFile; fileRef = 35F2F407250BD76500B355B0 /* RenderingProtocols.swift */; };
		AF2C63A92518B10300E5E0B1 /* Material.swift in Sources */ = {isa = PBXBuildFile; fileRef = AF2C63A82518B10300E5E0B1 /* Material.swift */; };
		AF2C63AF2518B23800E5E0B1 /* Light.swift in Sources */ = {isa = PBXBuildFile; fileRef = AF2C63AE2518B23800E5E0B1 /* Light.swift */; };
/* End PBXBuildFile section */

/* Begin PBXFileReference section */
		35F2F3CE250BD6A100B355B0 /* IronMaiden.app */ = {isa = PBXFileReference; explicitFileType = wrapper.application; includeInIndex = 0; path = IronMaiden.app; sourceTree = BUILT_PRODUCTS_DIR; };
		35F2F3D1250BD6A100B355B0 /* AppDelegate.swift */ = {isa = PBXFileReference; lastKnownFileType = sourcecode.swift; path = AppDelegate.swift; sourceTree = "<group>"; };
		35F2F3D5250BD6A400B355B0 /* Assets.xcassets */ = {isa = PBXFileReference; lastKnownFileType = folder.assetcatalog; path = Assets.xcassets; sourceTree = "<group>"; };
		35F2F3D8250BD6A400B355B0 /* Preview Assets.xcassets */ = {isa = PBXFileReference; lastKnownFileType = folder.assetcatalog; path = "Preview Assets.xcassets"; sourceTree = "<group>"; };
		35F2F3DB250BD6A400B355B0 /* Base */ = {isa = PBXFileReference; lastKnownFileType = file.storyboard; name = Base; path = Base.lproj/Main.storyboard; sourceTree = "<group>"; };
		35F2F3DD250BD6A400B355B0 /* Info.plist */ = {isa = PBXFileReference; lastKnownFileType = text.plist.xml; path = Info.plist; sourceTree = "<group>"; };
		35F2F3DE250BD6A400B355B0 /* IronMaiden.entitlements */ = {isa = PBXFileReference; lastKnownFileType = text.plist.entitlements; path = IronMaiden.entitlements; sourceTree = "<group>"; };
		35F2F3E4250BD6D800B355B0 /* ModelAssets.scnassets */ = {isa = PBXFileReference; lastKnownFileType = wrapper.scnassets; path = ModelAssets.scnassets; sourceTree = "<group>"; };
		35F2F3E6250BD6DD00B355B0 /* Textures.xcassets */ = {isa = PBXFileReference; lastKnownFileType = folder.assetcatalog; path = Textures.xcassets; sourceTree = "<group>"; };
		35F2F3E9250BD6F400B355B0 /* ContentView.swift */ = {isa = PBXFileReference; fileEncoding = 4; lastKnownFileType = sourcecode.swift; path = ContentView.swift; sourceTree = "<group>"; };
		35F2F3EF250BD71400B355B0 /* Keycodes.swift */ = {isa = PBXFileReference; fileEncoding = 4; lastKnownFileType = sourcecode.swift; path = Keycodes.swift; sourceTree = "<group>"; };
		35F2F3F0250BD71400B355B0 /* MathLibrary.swift */ = {isa = PBXFileReference; fileEncoding = 4; lastKnownFileType = sourcecode.swift; path = MathLibrary.swift; sourceTree = "<group>"; };
		35F2F3F1250BD71400B355B0 /* StandardExtensions.swift */ = {isa = PBXFileReference; fileEncoding = 4; lastKnownFileType = sourcecode.swift; path = StandardExtensions.swift; sourceTree = "<group>"; };
		35F2F3F2250BD71400B355B0 /* MetalExtensions.swift */ = {isa = PBXFileReference; fileEncoding = 4; lastKnownFileType = sourcecode.swift; path = MetalExtensions.swift; sourceTree = "<group>"; };
		35F2F3F3250BD71400B355B0 /* NodeTreeElement.swift */ = {isa = PBXFileReference; fileEncoding = 4; lastKnownFileType = sourcecode.swift; path = NodeTreeElement.swift; sourceTree = "<group>"; };
		35F2F3FB250BD74700B355B0 /* Common.h */ = {isa = PBXFileReference; fileEncoding = 4; lastKnownFileType = sourcecode.c.h; path = Common.h; sourceTree = "<group>"; };
		35F2F3FC250BD74800B355B0 /* Renderer.swift */ = {isa = PBXFileReference; fileEncoding = 4; lastKnownFileType = sourcecode.swift; path = Renderer.swift; sourceTree = "<group>"; };
		35F2F400250BD76400B355B0 /* Transform.swift */ = {isa = PBXFileReference; fileEncoding = 4; lastKnownFileType = sourcecode.swift; path = Transform.swift; sourceTree = "<group>"; };
		35F2F401250BD76400B355B0 /* MeshShaders.metal */ = {isa = PBXFileReference; fileEncoding = 4; lastKnownFileType = sourcecode.metal; path = MeshShaders.metal; sourceTree = "<group>"; };
		35F2F402250BD76400B355B0 /* Scene.swift */ = {isa = PBXFileReference; fileEncoding = 4; lastKnownFileType = sourcecode.swift; path = Scene.swift; sourceTree = "<group>"; };
		35F2F403250BD76500B355B0 /* Camera.swift */ = {isa = PBXFileReference; fileEncoding = 4; lastKnownFileType = sourcecode.swift; path = Camera.swift; sourceTree = "<group>"; };
		35F2F404250BD76500B355B0 /* Mesh.swift */ = {isa = PBXFileReference; fileEncoding = 4; lastKnownFileType = sourcecode.swift; path = Mesh.swift; sourceTree = "<group>"; };
		35F2F405250BD76500B355B0 /* Node.swift */ = {isa = PBXFileReference; fileEncoding = 4; lastKnownFileType = sourcecode.swift; path = Node.swift; sourceTree = "<group>"; };
		35F2F406250BD76500B355B0 /* Common+swift.swift */ = {isa = PBXFileReference; fileEncoding = 4; lastKnownFileType = sourcecode.swift; path = "Common+swift.swift"; sourceTree = "<group>"; };
		35F2F407250BD76500B355B0 /* RenderingProtocols.swift */ = {isa = PBXFileReference; fileEncoding = 4; lastKnownFileType = sourcecode.swift; path = RenderingProtocols.swift; sourceTree = "<group>"; };
		AF2C63A82518B10300E5E0B1 /* Material.swift */ = {isa = PBXFileReference; lastKnownFileType = sourcecode.swift; path = Material.swift; sourceTree = "<group>"; };
		AF2C63AE2518B23800E5E0B1 /* Light.swift */ = {isa = PBXFileReference; lastKnownFileType = sourcecode.swift; path = Light.swift; sourceTree = "<group>"; };
/* End PBXFileReference section */

/* Begin PBXFrameworksBuildPhase section */
		35F2F3CB250BD6A100B355B0 /* Frameworks */ = {
			isa = PBXFrameworksBuildPhase;
			buildActionMask = 2147483647;
			files = (
			);
			runOnlyForDeploymentPostprocessing = 0;
		};
/* End PBXFrameworksBuildPhase section */

/* Begin PBXGroup section */
		35F2F3C5250BD6A100B355B0 = {
			isa = PBXGroup;
			children = (
				35F2F3D0250BD6A100B355B0 /* IronMaiden */,
				35F2F3CF250BD6A100B355B0 /* Products */,
			);
			sourceTree = "<group>";
		};
		35F2F3CF250BD6A100B355B0 /* Products */ = {
			isa = PBXGroup;
			children = (
				35F2F3CE250BD6A100B355B0 /* IronMaiden.app */,
			);
			name = Products;
			sourceTree = "<group>";
		};
		35F2F3D0250BD6A100B355B0 /* IronMaiden */ = {
			isa = PBXGroup;
			children = (
				35F2F3D1250BD6A100B355B0 /* AppDelegate.swift */,
				35F2F3E9250BD6F400B355B0 /* ContentView.swift */,
				35F2F3EE250BD70200B355B0 /* Extensions */,
				35F2F3F9250BD73C00B355B0 /* Renderer */,
				35F2F3D5250BD6A400B355B0 /* Assets.xcassets */,
				35F2F3E6250BD6DD00B355B0 /* Textures.xcassets */,
				35F2F3E4250BD6D800B355B0 /* ModelAssets.scnassets */,
				35F2F3DA250BD6A400B355B0 /* Main.storyboard */,
				35F2F3DD250BD6A400B355B0 /* Info.plist */,
				35F2F3DE250BD6A400B355B0 /* IronMaiden.entitlements */,
				35F2F3D7250BD6A400B355B0 /* Preview Content */,
			);
			path = IronMaiden;
			sourceTree = "<group>";
		};
		35F2F3D7250BD6A400B355B0 /* Preview Content */ = {
			isa = PBXGroup;
			children = (
				35F2F3D8250BD6A400B355B0 /* Preview Assets.xcassets */,
			);
			path = "Preview Content";
			sourceTree = "<group>";
		};
		35F2F3EE250BD70200B355B0 /* Extensions */ = {
			isa = PBXGroup;
			children = (
				35F2F3EF250BD71400B355B0 /* Keycodes.swift */,
				35F2F3F3250BD71400B355B0 /* NodeTreeElement.swift */,
				35F2F3F0250BD71400B355B0 /* MathLibrary.swift */,
				35F2F3F2250BD71400B355B0 /* MetalExtensions.swift */,
				35F2F3F1250BD71400B355B0 /* StandardExtensions.swift */,
			);
			path = Extensions;
			sourceTree = "<group>";
		};
		35F2F3F9250BD73C00B355B0 /* Renderer */ = {
			isa = PBXGroup;
			children = (
				35F2F3FC250BD74800B355B0 /* Renderer.swift */,
				35F2F3FF250BD75600B355B0 /* Scene */,
			);
			path = Renderer;
			sourceTree = "<group>";
		};
		35F2F3FF250BD75600B355B0 /* Scene */ = {
			isa = PBXGroup;
			children = (
				35F2F3FB250BD74700B355B0 /* Common.h */,
				35F2F406250BD76500B355B0 /* Common+swift.swift */,
				35F2F402250BD76400B355B0 /* Scene.swift */,
				35F2F405250BD76500B355B0 /* Node.swift */,
				AF2C63AC2518B22800E5E0B1 /* NodeFunctions */,
				AF2C63A52518AFA000E5E0B1 /* Renderable */,
			);
			path = Scene;
			sourceTree = "<group>";
		};
		AF2C63A52518AFA000E5E0B1 /* Renderable */ = {
			isa = PBXGroup;
			children = (
				35F2F401250BD76400B355B0 /* MeshShaders.metal */,
				35F2F407250BD76500B355B0 /* RenderingProtocols.swift */,
				AF2C63A82518B10300E5E0B1 /* Material.swift */,
				35F2F404250BD76500B355B0 /* Mesh.swift */,
			);
			path = Renderable;
			sourceTree = "<group>";
		};
		AF2C63AC2518B22800E5E0B1 /* NodeFunctions */ = {
			isa = PBXGroup;
			children = (
				35F2F400250BD76400B355B0 /* Transform.swift */,
				35F2F403250BD76500B355B0 /* Camera.swift */,
				AF2C63AE2518B23800E5E0B1 /* Light.swift */,
			);
			path = NodeFunctions;
			sourceTree = "<group>";
		};
/* End PBXGroup section */

/* Begin PBXNativeTarget section */
		35F2F3CD250BD6A100B355B0 /* IronMaiden */ = {
			isa = PBXNativeTarget;
			buildConfigurationList = 35F2F3E1250BD6A400B355B0 /* Build configuration list for PBXNativeTarget "IronMaiden" */;
			buildPhases = (
				35F2F3CA250BD6A100B355B0 /* Sources */,
				35F2F3CB250BD6A100B355B0 /* Frameworks */,
				35F2F3CC250BD6A100B355B0 /* Resources */,
			);
			buildRules = (
			);
			dependencies = (
			);
			name = IronMaiden;
			productName = IronMaiden;
			productReference = 35F2F3CE250BD6A100B355B0 /* IronMaiden.app */;
			productType = "com.apple.product-type.application";
		};
/* End PBXNativeTarget section */

/* Begin PBXProject section */
		35F2F3C6250BD6A100B355B0 /* Project object */ = {
			isa = PBXProject;
			attributes = {
				LastSwiftUpdateCheck = 1170;
				LastUpgradeCheck = 1200;
				ORGANIZATIONNAME = "Vistory Group";
				TargetAttributes = {
					35F2F3CD250BD6A100B355B0 = {
						CreatedOnToolsVersion = 11.7;
					};
				};
			};
			buildConfigurationList = 35F2F3C9250BD6A100B355B0 /* Build configuration list for PBXProject "IronMaiden" */;
			compatibilityVersion = "Xcode 9.3";
			developmentRegion = en;
			hasScannedForEncodings = 0;
			knownRegions = (
				en,
				Base,
			);
			mainGroup = 35F2F3C5250BD6A100B355B0;
			productRefGroup = 35F2F3CF250BD6A100B355B0 /* Products */;
			projectDirPath = "";
			projectRoot = "";
			targets = (
				35F2F3CD250BD6A100B355B0 /* IronMaiden */,
			);
		};
/* End PBXProject section */

/* Begin PBXResourcesBuildPhase section */
		35F2F3CC250BD6A100B355B0 /* Resources */ = {
			isa = PBXResourcesBuildPhase;
			buildActionMask = 2147483647;
			files = (
				35F2F3DC250BD6A400B355B0 /* Main.storyboard in Resources */,
				35F2F3D9250BD6A400B355B0 /* Preview Assets.xcassets in Resources */,
				35F2F3E5250BD6D800B355B0 /* ModelAssets.scnassets in Resources */,
				35F2F3E7250BD6DD00B355B0 /* Textures.xcassets in Resources */,
				35F2F3D6250BD6A400B355B0 /* Assets.xcassets in Resources */,
			);
			runOnlyForDeploymentPostprocessing = 0;
		};
/* End PBXResourcesBuildPhase section */

/* Begin PBXSourcesBuildPhase section */
		35F2F3CA250BD6A100B355B0 /* Sources */ = {
			isa = PBXSourcesBuildPhase;
			buildActionMask = 2147483647;
			files = (
				35F2F3EC250BD6F400B355B0 /* ContentView.swift in Sources */,
				35F2F3F6250BD71400B355B0 /* StandardExtensions.swift in Sources */,
				35F2F408250BD76500B355B0 /* Transform.swift in Sources */,
				35F2F3F8250BD71400B355B0 /* NodeTreeElement.swift in Sources */,
				35F2F40F250BD76500B355B0 /* RenderingProtocols.swift in Sources */,
				35F2F3D2250BD6A100B355B0 /* AppDelegate.swift in Sources */,
				35F2F40D250BD76500B355B0 /* Node.swift in Sources */,
				35F2F3F4250BD71400B355B0 /* Keycodes.swift in Sources */,
				35F2F3F5250BD71400B355B0 /* MathLibrary.swift in Sources */,
				AF2C63A92518B10300E5E0B1 /* Material.swift in Sources */,
				35F2F40C250BD76500B355B0 /* Mesh.swift in Sources */,
				35F2F40A250BD76500B355B0 /* Scene.swift in Sources */,
				35F2F409250BD76500B355B0 /* MeshShaders.metal in Sources */,
				35F2F40B250BD76500B355B0 /* Camera.swift in Sources */,
				35F2F3FE250BD74800B355B0 /* Renderer.swift in Sources */,
				35F2F40E250BD76500B355B0 /* Common+swift.swift in Sources */,
				AF2C63AF2518B23800E5E0B1 /* Light.swift in Sources */,
				35F2F3F7250BD71400B355B0 /* MetalExtensions.swift in Sources */,
			);
			runOnlyForDeploymentPostprocessing = 0;
		};
/* End PBXSourcesBuildPhase section */

/* Begin PBXVariantGroup section */
		35F2F3DA250BD6A400B355B0 /* Main.storyboard */ = {
			isa = PBXVariantGroup;
			children = (
				35F2F3DB250BD6A400B355B0 /* Base */,
			);
			name = Main.storyboard;
			sourceTree = "<group>";
		};
/* End PBXVariantGroup section */

/* Begin XCBuildConfiguration section */
		35F2F3DF250BD6A400B355B0 /* Debug */ = {
			isa = XCBuildConfiguration;
			buildSettings = {
				ALWAYS_SEARCH_USER_PATHS = NO;
				CLANG_ANALYZER_NONNULL = YES;
				CLANG_ANALYZER_NUMBER_OBJECT_CONVERSION = YES_AGGRESSIVE;
				CLANG_CXX_LANGUAGE_STANDARD = "gnu++14";
				CLANG_CXX_LIBRARY = "libc++";
				CLANG_ENABLE_MODULES = YES;
				CLANG_ENABLE_OBJC_ARC = YES;
				CLANG_ENABLE_OBJC_WEAK = YES;
				CLANG_WARN_BLOCK_CAPTURE_AUTORELEASING = YES;
				CLANG_WARN_BOOL_CONVERSION = YES;
				CLANG_WARN_COMMA = YES;
				CLANG_WARN_CONSTANT_CONVERSION = YES;
				CLANG_WARN_DEPRECATED_OBJC_IMPLEMENTATIONS = YES;
				CLANG_WARN_DIRECT_OBJC_ISA_USAGE = YES_ERROR;
				CLANG_WARN_DOCUMENTATION_COMMENTS = YES;
				CLANG_WARN_EMPTY_BODY = YES;
				CLANG_WARN_ENUM_CONVERSION = YES;
				CLANG_WARN_INFINITE_RECURSION = YES;
				CLANG_WARN_INT_CONVERSION = YES;
				CLANG_WARN_NON_LITERAL_NULL_CONVERSION = YES;
				CLANG_WARN_OBJC_IMPLICIT_RETAIN_SELF = YES;
				CLANG_WARN_OBJC_LITERAL_CONVERSION = YES;
				CLANG_WARN_OBJC_ROOT_CLASS = YES_ERROR;
				CLANG_WARN_QUOTED_INCLUDE_IN_FRAMEWORK_HEADER = YES;
				CLANG_WARN_RANGE_LOOP_ANALYSIS = YES;
				CLANG_WARN_STRICT_PROTOTYPES = YES;
				CLANG_WARN_SUSPICIOUS_MOVE = YES;
				CLANG_WARN_UNGUARDED_AVAILABILITY = YES_AGGRESSIVE;
				CLANG_WARN_UNREACHABLE_CODE = YES;
				CLANG_WARN__DUPLICATE_METHOD_MATCH = YES;
				COPY_PHASE_STRIP = NO;
				DEBUG_INFORMATION_FORMAT = dwarf;
				ENABLE_STRICT_OBJC_MSGSEND = YES;
				ENABLE_TESTABILITY = YES;
				GCC_C_LANGUAGE_STANDARD = gnu11;
				GCC_DYNAMIC_NO_PIC = NO;
				GCC_NO_COMMON_BLOCKS = YES;
				GCC_OPTIMIZATION_LEVEL = 0;
				GCC_PREPROCESSOR_DEFINITIONS = (
					"DEBUG=1",
					"$(inherited)",
				);
				GCC_WARN_64_TO_32_BIT_CONVERSION = YES;
				GCC_WARN_ABOUT_RETURN_TYPE = YES_ERROR;
				GCC_WARN_UNDECLARED_SELECTOR = YES;
				GCC_WARN_UNINITIALIZED_AUTOS = YES_AGGRESSIVE;
				GCC_WARN_UNUSED_FUNCTION = YES;
				GCC_WARN_UNUSED_VARIABLE = YES;
				MACOSX_DEPLOYMENT_TARGET = 10.15;
				MTL_ENABLE_DEBUG_INFO = INCLUDE_SOURCE;
				MTL_FAST_MATH = YES;
				ONLY_ACTIVE_ARCH = YES;
				SDKROOT = macosx;
				SWIFT_ACTIVE_COMPILATION_CONDITIONS = DEBUG;
				SWIFT_OBJC_BRIDGING_HEADER = IronMaiden/Renderer/Scene/Common.h;
				SWIFT_OPTIMIZATION_LEVEL = "-Onone";
			};
			name = Debug;
		};
		35F2F3E0250BD6A400B355B0 /* Release */ = {
			isa = XCBuildConfiguration;
			buildSettings = {
				ALWAYS_SEARCH_USER_PATHS = NO;
				CLANG_ANALYZER_NONNULL = YES;
				CLANG_ANALYZER_NUMBER_OBJECT_CONVERSION = YES_AGGRESSIVE;
				CLANG_CXX_LANGUAGE_STANDARD = "gnu++14";
				CLANG_CXX_LIBRARY = "libc++";
				CLANG_ENABLE_MODULES = YES;
				CLANG_ENABLE_OBJC_ARC = YES;
				CLANG_ENABLE_OBJC_WEAK = YES;
				CLANG_WARN_BLOCK_CAPTURE_AUTORELEASING = YES;
				CLANG_WARN_BOOL_CONVERSION = YES;
				CLANG_WARN_COMMA = YES;
				CLANG_WARN_CONSTANT_CONVERSION = YES;
				CLANG_WARN_DEPRECATED_OBJC_IMPLEMENTATIONS = YES;
				CLANG_WARN_DIRECT_OBJC_ISA_USAGE = YES_ERROR;
				CLANG_WARN_DOCUMENTATION_COMMENTS = YES;
				CLANG_WARN_EMPTY_BODY = YES;
				CLANG_WARN_ENUM_CONVERSION = YES;
				CLANG_WARN_INFINITE_RECURSION = YES;
				CLANG_WARN_INT_CONVERSION = YES;
				CLANG_WARN_NON_LITERAL_NULL_CONVERSION = YES;
				CLANG_WARN_OBJC_IMPLICIT_RETAIN_SELF = YES;
				CLANG_WARN_OBJC_LITERAL_CONVERSION = YES;
				CLANG_WARN_OBJC_ROOT_CLASS = YES_ERROR;
				CLANG_WARN_QUOTED_INCLUDE_IN_FRAMEWORK_HEADER = YES;
				CLANG_WARN_RANGE_LOOP_ANALYSIS = YES;
				CLANG_WARN_STRICT_PROTOTYPES = YES;
				CLANG_WARN_SUSPICIOUS_MOVE = YES;
				CLANG_WARN_UNGUARDED_AVAILABILITY = YES_AGGRESSIVE;
				CLANG_WARN_UNREACHABLE_CODE = YES;
				CLANG_WARN__DUPLICATE_METHOD_MATCH = YES;
				COPY_PHASE_STRIP = NO;
				DEBUG_INFORMATION_FORMAT = "dwarf-with-dsym";
				ENABLE_NS_ASSERTIONS = NO;
				ENABLE_STRICT_OBJC_MSGSEND = YES;
				GCC_C_LANGUAGE_STANDARD = gnu11;
				GCC_NO_COMMON_BLOCKS = YES;
				GCC_WARN_64_TO_32_BIT_CONVERSION = YES;
				GCC_WARN_ABOUT_RETURN_TYPE = YES_ERROR;
				GCC_WARN_UNDECLARED_SELECTOR = YES;
				GCC_WARN_UNINITIALIZED_AUTOS = YES_AGGRESSIVE;
				GCC_WARN_UNUSED_FUNCTION = YES;
				GCC_WARN_UNUSED_VARIABLE = YES;
				MACOSX_DEPLOYMENT_TARGET = 10.15;
				MTL_ENABLE_DEBUG_INFO = NO;
				MTL_FAST_MATH = YES;
				SDKROOT = macosx;
				SWIFT_COMPILATION_MODE = wholemodule;
				SWIFT_OBJC_BRIDGING_HEADER = IronMaiden/Renderer/Scene/Common.h;
				SWIFT_OPTIMIZATION_LEVEL = "-O";
			};
			name = Release;
		};
		35F2F3E2250BD6A400B355B0 /* Debug */ = {
			isa = XCBuildConfiguration;
			buildSettings = {
				ASSETCATALOG_COMPILER_APPICON_NAME = AppIcon;
				CODE_SIGN_ENTITLEMENTS = IronMaiden/IronMaiden.entitlements;
				CODE_SIGN_IDENTITY = "Apple Development";
				CODE_SIGN_STYLE = Automatic;
				COMBINE_HIDPI_IMAGES = YES;
				DEVELOPMENT_ASSET_PATHS = "\"IronMaiden/Preview Content\"";
				DEVELOPMENT_TEAM = 948CGZVJWM;
				ENABLE_HARDENED_RUNTIME = YES;
				ENABLE_PREVIEWS = YES;
				INFOPLIST_FILE = IronMaiden/Info.plist;
				LD_RUNPATH_SEARCH_PATHS = (
					"$(inherited)",
					"@executable_path/../Frameworks",
				);
				MACOSX_DEPLOYMENT_TARGET = 10.15;
				PRODUCT_BUNDLE_IDENTIFIER = fr.vistory.IronMaiden;
				PRODUCT_NAME = "$(TARGET_NAME)";
				SWIFT_VERSION = 5.0;
			};
			name = Debug;
		};
		35F2F3E3250BD6A400B355B0 /* Release */ = {
			isa = XCBuildConfiguration;
			buildSettings = {
				ASSETCATALOG_COMPILER_APPICON_NAME = AppIcon;
				CODE_SIGN_ENTITLEMENTS = IronMaiden/IronMaiden.entitlements;
				CODE_SIGN_IDENTITY = "Apple Development";
				CODE_SIGN_STYLE = Automatic;
				COMBINE_HIDPI_IMAGES = YES;
				DEVELOPMENT_ASSET_PATHS = "\"IronMaiden/Preview Content\"";
				DEVELOPMENT_TEAM = 948CGZVJWM;
				ENABLE_HARDENED_RUNTIME = YES;
				ENABLE_PREVIEWS = YES;
				INFOPLIST_FILE = IronMaiden/Info.plist;
				LD_RUNPATH_SEARCH_PATHS = (
					"$(inherited)",
					"@executable_path/../Frameworks",
				);
				MACOSX_DEPLOYMENT_TARGET = 10.15;
				PRODUCT_BUNDLE_IDENTIFIER = fr.vistory.IronMaiden;
				PRODUCT_NAME = "$(TARGET_NAME)";
				SWIFT_VERSION = 5.0;
			};
			name = Release;
		};
/* End XCBuildConfiguration section */

/* Begin XCConfigurationList section */
		35F2F3C9250BD6A100B355B0 /* Build configuration list for PBXProject "IronMaiden" */ = {
			isa = XCConfigurationList;
			buildConfigurations = (
				35F2F3DF250BD6A400B355B0 /* Debug */,
				35F2F3E0250BD6A400B355B0 /* Release */,
			);
			defaultConfigurationIsVisible = 0;
			defaultConfigurationName = Release;
		};
		35F2F3E1250BD6A400B355B0 /* Build configuration list for PBXNativeTarget "IronMaiden" */ = {
			isa = XCConfigurationList;
			buildConfigurations = (
				35F2F3E2250BD6A400B355B0 /* Debug */,
				35F2F3E3250BD6A400B355B0 /* Release */,
			);
			defaultConfigurationIsVisible = 0;
			defaultConfigurationName = Release;
		};
/* End XCConfigurationList section */
	};
	rootObject = 35F2F3C6250BD6A100B355B0 /* Project object */;
}
